
Microsoft Visual Studio Solution File, Format Version 12.00
# Visual Studio Version 17
VisualStudioVersion = 17.3.32901.215
MinimumVisualStudioVersion = 10.0.40219.1
Project("{FAE04EC0-301F-11D3-BF4B-00C04F79EFBC}") = "designer", "designer\designer.csproj", "{E7717082-151E-4CE2-96F7-FFF228EA8854}"
EndProject
Project("{FAE04EC0-301F-11D3-BF4B-00C04F79EFBC}") = "wrapper", "wrapper\wrapper.csproj", "{68CFA769-DAE5-4C56-AC8F-77E05FE78BC2}"
	ProjectSection(ProjectDependencies) = postProject
		{81E1AC70-CE77-49E9-8261-8C094C4AC1C3} = {81E1AC70-CE77-49E9-8261-8C094C4AC1C3}
		{E7717082-151E-4CE2-96F7-FFF228EA8854} = {E7717082-151E-4CE2-96F7-FFF228EA8854}
	EndProjectSection
EndProject
Project("{FAE04EC0-301F-11D3-BF4B-00C04F79EFBC}") = "DesignViewer", "DesignViewer\DesignViewer.csproj", "{81E1AC70-CE77-49E9-8261-8C094C4AC1C3}"
EndProject
Global
	GlobalSection(SolutionConfigurationPlatforms) = preSolution
		Debug|Any CPU = Debug|Any CPU
		Release|Any CPU = Release|Any CPU
	EndGlobalSection
	GlobalSection(ProjectConfigurationPlatforms) = postSolution
		{E7717082-151E-4CE2-96F7-FFF228EA8854}.Debug|Any CPU.ActiveCfg = Debug|Any CPU
		{E7717082-151E-4CE2-96F7-FFF228EA8854}.Debug|Any CPU.Build.0 = Debug|Any CPU
		{E7717082-151E-4CE2-96F7-FFF228EA8854}.Release|Any CPU.ActiveCfg = Release|Any CPU
		{E7717082-151E-4CE2-96F7-FFF228EA8854}.Release|Any CPU.Build.0 = Release|Any CPU
		{68CFA769-DAE5-4C56-AC8F-77E05FE78BC2}.Debug|Any CPU.ActiveCfg = Debug|Any CPU
		{68CFA769-DAE5-4C56-AC8F-77E05FE78BC2}.Debug|Any CPU.Build.0 = Debug|Any CPU
		{68CFA769-DAE5-4C56-AC8F-77E05FE78BC2}.Release|Any CPU.ActiveCfg = Release|Any CPU
		{68CFA769-DAE5-4C56-AC8F-77E05FE78BC2}.Release|Any CPU.Build.0 = Release|Any CPU
		{81E1AC70-CE77-49E9-8261-8C094C4AC1C3}.Debug|Any CPU.ActiveCfg = Debug|Any CPU
		{81E1AC70-CE77-49E9-8261-8C094C4AC1C3}.Debug|Any CPU.Build.0 = Debug|Any CPU
		{81E1AC70-CE77-49E9-8261-8C094C4AC1C3}.Release|Any CPU.ActiveCfg = Release|Any CPU
		{81E1AC70-CE77-49E9-8261-8C094C4AC1C3}.Release|Any CPU.Build.0 = Release|Any CPU
	EndGlobalSection
	GlobalSection(SolutionProperties) = preSolution
		HideSolutionNode = FALSE
	EndGlobalSection
	GlobalSection(ExtensibilityGlobals) = postSolution
		SolutionGuid = {F83A3C9C-3A0A-42BC-A59C-AC25FBC46807}
	EndGlobalSection
EndGlobal
