
Microsoft Visual Studio Solution File, Format Version 12.00
# Visual Studio Version 17
VisualStudioVersion = 17.8.34525.116
MinimumVisualStudioVersion = 10.0.40219.1
Project("{FAE04EC0-301F-11D3-BF4B-00C04F79EFBC}") = "ManageMedia_Wrapper", "ManageMedia_Wrapper\ManageMedia_Wrapper.csproj", "{FDA111A6-202E-430C-B2AA-DA6A44EA2375}"
EndProject
Project("{FAE04EC0-301F-11D3-BF4B-00C04F79EFBC}") = "ManageMedia_UserControl", "..\ManageMedia_UserControl\ManageMedia_UserControl.csproj", "{2DFC6EBC-CF5F-4372-87FE-70D45C3FE06F}"
EndProject
Global
	GlobalSection(SolutionConfigurationPlatforms) = preSolution
		Debug|Any CPU = Debug|Any CPU
		Release|Any CPU = Release|Any CPU
	EndGlobalSection
	GlobalSection(ProjectConfigurationPlatforms) = postSolution
		{FDA111A6-202E-430C-B2AA-DA6A44EA2375}.Debug|Any CPU.ActiveCfg = Debug|Any CPU
		{FDA111A6-202E-430C-B2AA-DA6A44EA2375}.Debug|Any CPU.Build.0 = Debug|Any CPU
		{FDA111A6-202E-430C-B2AA-DA6A44EA2375}.Release|Any CPU.ActiveCfg = Release|Any CPU
		{FDA111A6-202E-430C-B2AA-DA6A44EA2375}.Release|Any CPU.Build.0 = Release|Any CPU
		{2DFC6EBC-CF5F-4372-87FE-70D45C3FE06F}.Debug|Any CPU.ActiveCfg = Debug|Any CPU
		{2DFC6EBC-CF5F-4372-87FE-70D45C3FE06F}.Debug|Any CPU.Build.0 = Debug|Any CPU
		{2DFC6EBC-CF5F-4372-87FE-70D45C3FE06F}.Release|Any CPU.ActiveCfg = Release|Any CPU
		{2DFC6EBC-CF5F-4372-87FE-70D45C3FE06F}.Release|Any CPU.Build.0 = Release|Any CPU
	EndGlobalSection
	GlobalSection(SolutionProperties) = preSolution
		HideSolutionNode = FALSE
	EndGlobalSection
	GlobalSection(ExtensibilityGlobals) = postSolution
		SolutionGuid = {2E7CC6AA-6793-4323-B5CC-1FEB071D0170}
	EndGlobalSection
EndGlobal
