
Microsoft Visual Studio Solution File, Format Version 12.00
# Visual Studio Version 17
VisualStudioVersion = 17.5.33424.131
MinimumVisualStudioVersion = 10.0.40219.1
Project("{FAE04EC0-301F-11D3-BF4B-00C04F79EFBC}") = "Audio_UserControl", "Audio_UserControl.csproj", "{92142A3C-5A46-4E19-A308-F4D549D12C2D}"
EndProject
Global
	GlobalSection(SolutionConfigurationPlatforms) = preSolution
		Debug|Any CPU = Debug|Any CPU
		Release|Any CPU = Release|Any CPU
	EndGlobalSection
	GlobalSection(ProjectConfigurationPlatforms) = postSolution
		{92142A3C-5A46-4E19-A308-F4D549D12C2D}.Debug|Any CPU.ActiveCfg = Debug|Any CPU
		{92142A3C-5A46-4E19-A308-F4D549D12C2D}.Debug|Any CPU.Build.0 = Debug|Any CPU
		{92142A3C-5A46-4E19-A308-F4D549D12C2D}.Release|Any CPU.ActiveCfg = Release|Any CPU
		{92142A3C-5A46-4E19-A308-F4D549D12C2D}.Release|Any CPU.Build.0 = Release|Any CPU
	EndGlobalSection
	GlobalSection(SolutionProperties) = preSolution
		HideSolutionNode = FALSE
	EndGlobalSection
	GlobalSection(ExtensibilityGlobals) = postSolution
		SolutionGuid = {74933261-8710-4C94-8428-D11ECB4ED402}
	EndGlobalSection
EndGlobal
