
Microsoft Visual Studio Solution File, Format Version 12.00
# Visual Studio Version 17
VisualStudioVersion = 17.6.33829.357
MinimumVisualStudioVersion = 10.0.40219.1
Project("{FAE04EC0-301F-11D3-BF4B-00C04F79EFBC}") = "ScreenRecorder_Wrapper", "ScreenRecorder_Wrapper\ScreenRecorder_Wrapper.csproj", "{08C59C9F-FA6A-4426-8AE6-0AE881DD6B8B}"
EndProject
Global
	GlobalSection(SolutionConfigurationPlatforms) = preSolution
		Debug|Any CPU = Debug|Any CPU
		Debug|ARM64 = Debug|ARM64
		Debug|x64 = Debug|x64
		Debug|x86 = Debug|x86
		Release|Any CPU = Release|Any CPU
		Release|ARM64 = Release|ARM64
		Release|x64 = Release|x64
		Release|x86 = Release|x86
	EndGlobalSection
	GlobalSection(ProjectConfigurationPlatforms) = postSolution
		{08C59C9F-FA6A-4426-8AE6-0AE881DD6B8B}.Debug|Any CPU.ActiveCfg = Debug|Any CPU
		{08C59C9F-FA6A-4426-8AE6-0AE881DD6B8B}.Debug|Any CPU.Build.0 = Debug|Any CPU
		{08C59C9F-FA6A-4426-8AE6-0AE881DD6B8B}.Debug|ARM64.ActiveCfg = Debug|ARM64
		{08C59C9F-FA6A-4426-8AE6-0AE881DD6B8B}.Debug|ARM64.Build.0 = Debug|ARM64
		{08C59C9F-FA6A-4426-8AE6-0AE881DD6B8B}.Debug|x64.ActiveCfg = Debug|x64
		{08C59C9F-FA6A-4426-8AE6-0AE881DD6B8B}.Debug|x64.Build.0 = Debug|x64
		{08C59C9F-FA6A-4426-8AE6-0AE881DD6B8B}.Debug|x86.ActiveCfg = Debug|Any CPU
		{08C59C9F-FA6A-4426-8AE6-0AE881DD6B8B}.Debug|x86.Build.0 = Debug|Any CPU
		{08C59C9F-FA6A-4426-8AE6-0AE881DD6B8B}.Release|Any CPU.ActiveCfg = Release|Any CPU
		{08C59C9F-FA6A-4426-8AE6-0AE881DD6B8B}.Release|Any CPU.Build.0 = Release|Any CPU
		{08C59C9F-FA6A-4426-8AE6-0AE881DD6B8B}.Release|ARM64.ActiveCfg = Release|ARM64
		{08C59C9F-FA6A-4426-8AE6-0AE881DD6B8B}.Release|ARM64.Build.0 = Release|ARM64
		{08C59C9F-FA6A-4426-8AE6-0AE881DD6B8B}.Release|x64.ActiveCfg = Release|x64
		{08C59C9F-FA6A-4426-8AE6-0AE881DD6B8B}.Release|x64.Build.0 = Release|x64
		{08C59C9F-FA6A-4426-8AE6-0AE881DD6B8B}.Release|x86.ActiveCfg = Release|Any CPU
		{08C59C9F-FA6A-4426-8AE6-0AE881DD6B8B}.Release|x86.Build.0 = Release|Any CPU
	EndGlobalSection
	GlobalSection(SolutionProperties) = preSolution
		HideSolutionNode = FALSE
	EndGlobalSection
	GlobalSection(ExtensibilityGlobals) = postSolution
		SolutionGuid = {1EF48B6A-9FA4-4042-BA0E-3C5063434E02}
	EndGlobalSection
EndGlobal
