
Microsoft Visual Studio Solution File, Format Version 12.00
# Visual Studio Version 17
VisualStudioVersion = 17.6.33513.286
MinimumVisualStudioVersion = 10.0.40219.1
Project("{FAE04EC0-301F-11D3-BF4B-00C04F79EFBC}") = "DebugVideoCreator", "DebugVideoCreator.csproj", "{7AFBFB4E-C52B-46B2-84DF-E0F3E6B45CE8}"
EndProject
Project("{FAE04EC0-301F-11D3-BF4B-00C04F79EFBC}") = "SQLite_Library", "UserControls\SQLite_UserControl\SQLite_Library.csproj", "{4562DAB3-B29E-43E3-94D5-C377101A5D61}"
EndProject
Project("{FAE04EC0-301F-11D3-BF4B-00C04F79EFBC}") = "Notes_UserControl", "UserControls\Notes_UserControl\Notes_UserControl.csproj", "{1B6E3A74-8B6C-443A-9BD5-C75E7DA51918}"
EndProject
Project("{FAE04EC0-301F-11D3-BF4B-00C04F79EFBC}") = "NotesManage_UserControl", "UserControls\NotesManage_UserControl\NotesManage_UserControl.csproj", "{623A80C5-B24C-40CC-A96B-582E8B61099A}"
EndProject
Project("{FAE04EC0-301F-11D3-BF4B-00C04F79EFBC}") = "Designer_UserControl", "UserControls\Designer_UserControl\Designer_UserControl\Designer_UserControl.csproj", "{FC79A8EF-42F9-44B2-99DA-9A853512DD20}"
EndProject
Project("{FAE04EC0-301F-11D3-BF4B-00C04F79EFBC}") = "DesignImager_UserControl", "UserControls\DesignImager_UserControl\DesignImager_UserControl\DesignImager_UserControl.csproj", "{ED7C73A8-3F0B-472D-BB20-2ADCA2EEADB6}"
EndProject
Project("{FAE04EC0-301F-11D3-BF4B-00C04F79EFBC}") = "Timeline_UserControl", "UserControls\Timeline_UserControl\Timeline_UserControl.csproj", "{DD8CB85D-0C94-40FE-804E-CEB5748EBFF8}"
EndProject
Project("{FAE04EC0-301F-11D3-BF4B-00C04F79EFBC}") = "Audio_UserControl", "UserControls\Audio_UserControl\Audio_UserControl.csproj", "{92142A3C-5A46-4E19-A308-F4D549D12C2D}"
EndProject
Project("{FAE04EC0-301F-11D3-BF4B-00C04F79EFBC}") = "FSP_UserControl", "UserControls\FSP_UserControl\FSP_UserControl\FSP_UserControl.csproj", "{542A15F2-E184-4199-8739-4060D566AC03}"
EndProject
Project("{FAE04EC0-301F-11D3-BF4B-00C04F79EFBC}") = "ScreenRecording_UserControl", "UserControls\ScreenRecording_UserControl\ScreenRecording_UserControl\ScreenRecording_UserControl.csproj", "{08C59C9F-FA6A-4426-8AE6-0AE881DD6B8B}"
EndProject
Project("{FAE04EC0-301F-11D3-BF4B-00C04F79EFBC}") = "LocalVoiceGen_UserControl", "UserControls\LocalVoiceGen_UserControl\LocalVoiceGen_UserControl\LocalVoiceGen_UserControl.csproj", "{4A3F71D8-CCED-47D2-9B3C-534C1B78EA90}"
EndProject
Project("{9A19103F-16F7-4668-BE54-9A1E7A4F7556}") = "Authentication_UserControl", "UserControls\Authentication_UserControl\Authentication_UserControl.csproj", "{759B1A0F-FC55-42F9-A9DB-BD140DE040AA}"
EndProject
Project("{FAE04EC0-301F-11D3-BF4B-00C04F79EFBC}") = "dbTransferUser_UserControl", "UserControls\dbTransferUser_UserControl\dbTransferUser_UserControl.csproj", "{67ADC641-EC67-44CF-A9AD-2444A90BE6D4}"
EndProject
Project("{2150E333-8FDC-42A3-9474-1A3956D46DE8}") = "Solution Items", "Solution Items", "{31AF915D-14F9-47C6-80D1-C4B5D8762910}"
	ProjectSection(SolutionItems) = preProject
		.editorconfig = .editorconfig
	EndProjectSection
EndProject
Global
	GlobalSection(SolutionConfigurationPlatforms) = preSolution
		Debug|Any CPU = Debug|Any CPU
		Release|Any CPU = Release|Any CPU
	EndGlobalSection
	GlobalSection(ProjectConfigurationPlatforms) = postSolution
		{7AFBFB4E-C52B-46B2-84DF-E0F3E6B45CE8}.Debug|Any CPU.ActiveCfg = Debug|Any CPU
		{7AFBFB4E-C52B-46B2-84DF-E0F3E6B45CE8}.Debug|Any CPU.Build.0 = Debug|Any CPU
		{7AFBFB4E-C52B-46B2-84DF-E0F3E6B45CE8}.Release|Any CPU.ActiveCfg = Release|Any CPU
		{7AFBFB4E-C52B-46B2-84DF-E0F3E6B45CE8}.Release|Any CPU.Build.0 = Release|Any CPU
		{4562DAB3-B29E-43E3-94D5-C377101A5D61}.Debug|Any CPU.ActiveCfg = Debug|Any CPU
		{4562DAB3-B29E-43E3-94D5-C377101A5D61}.Debug|Any CPU.Build.0 = Debug|Any CPU
		{4562DAB3-B29E-43E3-94D5-C377101A5D61}.Release|Any CPU.ActiveCfg = Release|Any CPU
		{4562DAB3-B29E-43E3-94D5-C377101A5D61}.Release|Any CPU.Build.0 = Release|Any CPU
		{1B6E3A74-8B6C-443A-9BD5-C75E7DA51918}.Debug|Any CPU.ActiveCfg = Debug|Any CPU
		{1B6E3A74-8B6C-443A-9BD5-C75E7DA51918}.Debug|Any CPU.Build.0 = Debug|Any CPU
		{1B6E3A74-8B6C-443A-9BD5-C75E7DA51918}.Release|Any CPU.ActiveCfg = Release|Any CPU
		{1B6E3A74-8B6C-443A-9BD5-C75E7DA51918}.Release|Any CPU.Build.0 = Release|Any CPU
		{623A80C5-B24C-40CC-A96B-582E8B61099A}.Debug|Any CPU.ActiveCfg = Debug|Any CPU
		{623A80C5-B24C-40CC-A96B-582E8B61099A}.Debug|Any CPU.Build.0 = Debug|Any CPU
		{623A80C5-B24C-40CC-A96B-582E8B61099A}.Release|Any CPU.ActiveCfg = Release|Any CPU
		{623A80C5-B24C-40CC-A96B-582E8B61099A}.Release|Any CPU.Build.0 = Release|Any CPU
		{FC79A8EF-42F9-44B2-99DA-9A853512DD20}.Debug|Any CPU.ActiveCfg = Debug|Any CPU
		{FC79A8EF-42F9-44B2-99DA-9A853512DD20}.Debug|Any CPU.Build.0 = Debug|Any CPU
		{FC79A8EF-42F9-44B2-99DA-9A853512DD20}.Release|Any CPU.ActiveCfg = Release|Any CPU
		{FC79A8EF-42F9-44B2-99DA-9A853512DD20}.Release|Any CPU.Build.0 = Release|Any CPU
		{ED7C73A8-3F0B-472D-BB20-2ADCA2EEADB6}.Debug|Any CPU.ActiveCfg = Debug|Any CPU
		{ED7C73A8-3F0B-472D-BB20-2ADCA2EEADB6}.Debug|Any CPU.Build.0 = Debug|Any CPU
		{ED7C73A8-3F0B-472D-BB20-2ADCA2EEADB6}.Release|Any CPU.ActiveCfg = Release|Any CPU
		{ED7C73A8-3F0B-472D-BB20-2ADCA2EEADB6}.Release|Any CPU.Build.0 = Release|Any CPU
		{DD8CB85D-0C94-40FE-804E-CEB5748EBFF8}.Debug|Any CPU.ActiveCfg = Debug|Any CPU
		{DD8CB85D-0C94-40FE-804E-CEB5748EBFF8}.Debug|Any CPU.Build.0 = Debug|Any CPU
		{DD8CB85D-0C94-40FE-804E-CEB5748EBFF8}.Release|Any CPU.ActiveCfg = Release|Any CPU
		{DD8CB85D-0C94-40FE-804E-CEB5748EBFF8}.Release|Any CPU.Build.0 = Release|Any CPU
		{92142A3C-5A46-4E19-A308-F4D549D12C2D}.Debug|Any CPU.ActiveCfg = Debug|Any CPU
		{92142A3C-5A46-4E19-A308-F4D549D12C2D}.Debug|Any CPU.Build.0 = Debug|Any CPU
		{92142A3C-5A46-4E19-A308-F4D549D12C2D}.Release|Any CPU.ActiveCfg = Release|Any CPU
		{92142A3C-5A46-4E19-A308-F4D549D12C2D}.Release|Any CPU.Build.0 = Release|Any CPU
		{542A15F2-E184-4199-8739-4060D566AC03}.Debug|Any CPU.ActiveCfg = Debug|Any CPU
		{542A15F2-E184-4199-8739-4060D566AC03}.Debug|Any CPU.Build.0 = Debug|Any CPU
		{542A15F2-E184-4199-8739-4060D566AC03}.Release|Any CPU.ActiveCfg = Release|Any CPU
		{542A15F2-E184-4199-8739-4060D566AC03}.Release|Any CPU.Build.0 = Release|Any CPU
		{08C59C9F-FA6A-4426-8AE6-0AE881DD6B8B}.Debug|Any CPU.ActiveCfg = Debug|Any CPU
		{08C59C9F-FA6A-4426-8AE6-0AE881DD6B8B}.Debug|Any CPU.Build.0 = Debug|Any CPU
		{08C59C9F-FA6A-4426-8AE6-0AE881DD6B8B}.Release|Any CPU.ActiveCfg = Release|Any CPU
		{08C59C9F-FA6A-4426-8AE6-0AE881DD6B8B}.Release|Any CPU.Build.0 = Release|Any CPU
		{4A3F71D8-CCED-47D2-9B3C-534C1B78EA90}.Debug|Any CPU.ActiveCfg = Debug|Any CPU
		{4A3F71D8-CCED-47D2-9B3C-534C1B78EA90}.Debug|Any CPU.Build.0 = Debug|Any CPU
		{4A3F71D8-CCED-47D2-9B3C-534C1B78EA90}.Release|Any CPU.ActiveCfg = Release|Any CPU
		{4A3F71D8-CCED-47D2-9B3C-534C1B78EA90}.Release|Any CPU.Build.0 = Release|Any CPU
		{759B1A0F-FC55-42F9-A9DB-BD140DE040AA}.Debug|Any CPU.ActiveCfg = Debug|Any CPU
		{759B1A0F-FC55-42F9-A9DB-BD140DE040AA}.Debug|Any CPU.Build.0 = Debug|Any CPU
		{759B1A0F-FC55-42F9-A9DB-BD140DE040AA}.Release|Any CPU.ActiveCfg = Release|Any CPU
		{759B1A0F-FC55-42F9-A9DB-BD140DE040AA}.Release|Any CPU.Build.0 = Release|Any CPU
		{67ADC641-EC67-44CF-A9AD-2444A90BE6D4}.Debug|Any CPU.ActiveCfg = Debug|Any CPU
		{67ADC641-EC67-44CF-A9AD-2444A90BE6D4}.Debug|Any CPU.Build.0 = Debug|Any CPU
		{67ADC641-EC67-44CF-A9AD-2444A90BE6D4}.Release|Any CPU.ActiveCfg = Release|Any CPU
		{67ADC641-EC67-44CF-A9AD-2444A90BE6D4}.Release|Any CPU.Build.0 = Release|Any CPU
	EndGlobalSection
	GlobalSection(SolutionProperties) = preSolution
		HideSolutionNode = FALSE
	EndGlobalSection
	GlobalSection(ExtensibilityGlobals) = postSolution
		SolutionGuid = {2B534FBF-AD46-40C2-8FE0-CBA13FBFC619}
	EndGlobalSection
EndGlobal
