
Microsoft Visual Studio Solution File, Format Version 12.00
# Visual Studio Version 17
VisualStudioVersion = 17.3.32901.215
MinimumVisualStudioVersion = 10.0.40219.1
Project("{FAE04EC0-301F-11D3-BF4B-00C04F79EFBC}") = "Designer_UserControl", "Designer_UserControl\Designer_UserControl.csproj", "{FC79A8EF-42F9-44B2-99DA-9A853512DD20}"
EndProject
Global
	GlobalSection(SolutionConfigurationPlatforms) = preSolution
		Debug|Any CPU = Debug|Any CPU
		Release|Any CPU = Release|Any CPU
	EndGlobalSection
	GlobalSection(ProjectConfigurationPlatforms) = postSolution
		{FC79A8EF-42F9-44B2-99DA-9A853512DD20}.Debug|Any CPU.ActiveCfg = Debug|Any CPU
		{FC79A8EF-42F9-44B2-99DA-9A853512DD20}.Debug|Any CPU.Build.0 = Debug|Any CPU
		{FC79A8EF-42F9-44B2-99DA-9A853512DD20}.Release|Any CPU.ActiveCfg = Release|Any CPU
		{FC79A8EF-42F9-44B2-99DA-9A853512DD20}.Release|Any CPU.Build.0 = Release|Any CPU
	EndGlobalSection
	GlobalSection(SolutionProperties) = preSolution
		HideSolutionNode = FALSE
	EndGlobalSection
	GlobalSection(ExtensibilityGlobals) = postSolution
		SolutionGuid = {D581A7E4-A396-415A-889E-FCABF2CAE294}
	EndGlobalSection
EndGlobal
