
Microsoft Visual Studio Solution File, Format Version 12.00
# Visual Studio Version 17
VisualStudioVersion = 17.4.33213.308
MinimumVisualStudioVersion = 10.0.40219.1
Project("{FAE04EC0-301F-11D3-BF4B-00C04F79EFBC}") = "NotesManage_UserControl", "NotesManage_UserControl.csproj", "{623A80C5-B24C-40CC-A96B-582E8B61099A}"
EndProject
Global
	GlobalSection(SolutionConfigurationPlatforms) = preSolution
		Debug|Any CPU = Debug|Any CPU
		Release|Any CPU = Release|Any CPU
	EndGlobalSection
	GlobalSection(ProjectConfigurationPlatforms) = postSolution
		{623A80C5-B24C-40CC-A96B-582E8B61099A}.Debug|Any CPU.ActiveCfg = Debug|Any CPU
		{623A80C5-B24C-40CC-A96B-582E8B61099A}.Debug|Any CPU.Build.0 = Debug|Any CPU
		{623A80C5-B24C-40CC-A96B-582E8B61099A}.Release|Any CPU.ActiveCfg = Release|Any CPU
		{623A80C5-B24C-40CC-A96B-582E8B61099A}.Release|Any CPU.Build.0 = Release|Any CPU
	EndGlobalSection
	GlobalSection(SolutionProperties) = preSolution
		HideSolutionNode = FALSE
	EndGlobalSection
	GlobalSection(ExtensibilityGlobals) = postSolution
		SolutionGuid = {FEC20DBF-68EE-489C-AF90-ABBA172C35E5}
	EndGlobalSection
EndGlobal
