
Microsoft Visual Studio Solution File, Format Version 11.00
# Visual Studio 2010
Project("{FAE04EC0-301F-11D3-BF4B-00C04F79EFBC}") = "TimePicker_UserControl", "TimePicker_UserControl\TimePicker_UserControl.csproj", "{78a1300d-fcb5-42f1-a58e-ac682f5f28ca}"
EndProject
Global
	GlobalSection(SolutionConfigurationPlatforms) = preSolution
		Debug|Any CPU = Debug|Any CPU
		Release|Any CPU = Release|Any CPU
	EndGlobalSection
	GlobalSection(ProjectConfigurationPlatforms) = postSolution
		{78A1300D-FCB5-42F1-A58E-AC682F5F28CA}.Debug|Any CPU.ActiveCfg = Debug|Any CPU
		{78A1300D-FCB5-42F1-A58E-AC682F5F28CA}.Debug|Any CPU.Build.0 = Debug|Any CPU
		{78A1300D-FCB5-42F1-A58E-AC682F5F28CA}.Release|Any CPU.ActiveCfg = Release|Any CPU
		{78A1300D-FCB5-42F1-A58E-AC682F5F28CA}.Release|Any CPU.Build.0 = Release|Any CPU
	EndGlobalSection
EndGlobal
